
Microsoft Visual Studio Solution File, Format Version 12.00
# Visual Studio Version 17
VisualStudioVersion = 17.7.34221.43
MinimumVisualStudioVersion = 10.0.40219.1
Project("{FAE04EC0-301F-11D3-BF4B-00C04F79EFBC}") = "KsiegarniaPKP", "KsiegarniaPKP.csproj", "{A6164AE5-C5FF-4EC7-B57C-9A2AD46844A3}"
EndProject
Global
	GlobalSection(SolutionConfigurationPlatforms) = preSolution
		Debug|Any CPU = Debug|Any CPU
		Release|Any CPU = Release|Any CPU
	EndGlobalSection
	GlobalSection(ProjectConfigurationPlatforms) = postSolution
		{A6164AE5-C5FF-4EC7-B57C-9A2AD46844A3}.Debug|Any CPU.ActiveCfg = Debug|Any CPU
		{A6164AE5-C5FF-4EC7-B57C-9A2AD46844A3}.Debug|Any CPU.Build.0 = Debug|Any CPU
		{A6164AE5-C5FF-4EC7-B57C-9A2AD46844A3}.Release|Any CPU.ActiveCfg = Release|Any CPU
		{A6164AE5-C5FF-4EC7-B57C-9A2AD46844A3}.Release|Any CPU.Build.0 = Release|Any CPU
	EndGlobalSection
	GlobalSection(SolutionProperties) = preSolution
		HideSolutionNode = FALSE
	EndGlobalSection
	GlobalSection(ExtensibilityGlobals) = postSolution
		SolutionGuid = {1C130E68-B221-44F2-8F8C-7B97282F2BDB}
	EndGlobalSection
EndGlobal
